
Microsoft Visual Studio Solution File, Format Version 12.00
# Visual Studio for Mac
Project("{FAE04EC0-301F-11D3-BF4B-00C04F79EFBC}") = "PhotonUnityNetworking.Demos", "PhotonUnityNetworking.Demos.csproj", "{1305FE21-C94B-9694-1266-48BAC70687CA}"
EndProject
Project("{FAE04EC0-301F-11D3-BF4B-00C04F79EFBC}") = "PhotonUnityNetworking.Utilities", "PhotonUnityNetworking.Utilities.csproj", "{A37DB29F-6536-D852-E11F-75709999F781}"
EndProject
Project("{FAE04EC0-301F-11D3-BF4B-00C04F79EFBC}") = "PhotonChat", "PhotonChat.csproj", "{DBEB1901-225A-DF58-DDA1-A15DCF7DDA43}"
EndProject
Project("{FAE04EC0-301F-11D3-BF4B-00C04F79EFBC}") = "PhotonUnityNetworking", "PhotonUnityNetworking.csproj", "{B16339F3-13CD-DA09-14E1-C8B89BA9127D}"
EndProject
Project("{FAE04EC0-301F-11D3-BF4B-00C04F79EFBC}") = "Assembly-CSharp", "Assembly-CSharp.csproj", "{052DF879-DF16-A326-7465-10D076318FB0}"
EndProject
Project("{FAE04EC0-301F-11D3-BF4B-00C04F79EFBC}") = "PhotonRealtime", "PhotonRealtime.csproj", "{8EE2743B-5A18-7C2A-CFEF-16386D8DA63A}"
EndProject
Project("{FAE04EC0-301F-11D3-BF4B-00C04F79EFBC}") = "PhotonWebSocket", "PhotonWebSocket.csproj", "{10F576CB-8DE7-BDFB-B02B-F841BC783157}"
EndProject
Project("{FAE04EC0-301F-11D3-BF4B-00C04F79EFBC}") = "PhotonUnityNetworking.Editor", "PhotonUnityNetworking.Editor.csproj", "{90BFC584-4944-59C5-7A3D-AB6B5455E723}"
EndProject
Project("{FAE04EC0-301F-11D3-BF4B-00C04F79EFBC}") = "PunDemos.DemoHubEditor", "PunDemos.DemoHubEditor.csproj", "{D8EDDC60-23A5-70AA-7933-BFF12C04A216}"
EndProject
Project("{FAE04EC0-301F-11D3-BF4B-00C04F79EFBC}") = "PhotonUnityNetworking.Utilities.PhotonPlayer.Editor", "PhotonUnityNetworking.Utilities.PhotonPlayer.Editor.csproj", "{9AC2D868-B032-9379-DA83-5F368B048368}"
EndProject
Project("{FAE04EC0-301F-11D3-BF4B-00C04F79EFBC}") = "PhotonUnityNetworking.Utilities.Culling.Editor", "PhotonUnityNetworking.Utilities.Culling.Editor.csproj", "{89042B2E-4AE8-3315-E136-E8CCDDF4459F}"
EndProject
Project("{FAE04EC0-301F-11D3-BF4B-00C04F79EFBC}") = "PunDemos.DemoSlotcarEditor", "PunDemos.DemoSlotcarEditor.csproj", "{3EC87534-34DA-5B94-D362-A4FE24C850D5}"
EndProject
Global
	GlobalSection(SolutionConfigurationPlatforms) = preSolution
		Debug|Any CPU = Debug|Any CPU
		Release|Any CPU = Release|Any CPU
	EndGlobalSection
	GlobalSection(ProjectConfigurationPlatforms) = postSolution
		{1305FE21-C94B-9694-1266-48BAC70687CA}.Debug|Any CPU.ActiveCfg = Debug|Any CPU
		{1305FE21-C94B-9694-1266-48BAC70687CA}.Debug|Any CPU.Build.0 = Debug|Any CPU
		{1305FE21-C94B-9694-1266-48BAC70687CA}.Release|Any CPU.ActiveCfg = Release|Any CPU
		{1305FE21-C94B-9694-1266-48BAC70687CA}.Release|Any CPU.Build.0 = Release|Any CPU
		{A37DB29F-6536-D852-E11F-75709999F781}.Debug|Any CPU.ActiveCfg = Debug|Any CPU
		{A37DB29F-6536-D852-E11F-75709999F781}.Debug|Any CPU.Build.0 = Debug|Any CPU
		{A37DB29F-6536-D852-E11F-75709999F781}.Release|Any CPU.ActiveCfg = Release|Any CPU
		{A37DB29F-6536-D852-E11F-75709999F781}.Release|Any CPU.Build.0 = Release|Any CPU
		{DBEB1901-225A-DF58-DDA1-A15DCF7DDA43}.Debug|Any CPU.ActiveCfg = Debug|Any CPU
		{DBEB1901-225A-DF58-DDA1-A15DCF7DDA43}.Debug|Any CPU.Build.0 = Debug|Any CPU
		{DBEB1901-225A-DF58-DDA1-A15DCF7DDA43}.Release|Any CPU.ActiveCfg = Release|Any CPU
		{DBEB1901-225A-DF58-DDA1-A15DCF7DDA43}.Release|Any CPU.Build.0 = Release|Any CPU
		{B16339F3-13CD-DA09-14E1-C8B89BA9127D}.Debug|Any CPU.ActiveCfg = Debug|Any CPU
		{B16339F3-13CD-DA09-14E1-C8B89BA9127D}.Debug|Any CPU.Build.0 = Debug|Any CPU
		{B16339F3-13CD-DA09-14E1-C8B89BA9127D}.Release|Any CPU.ActiveCfg = Release|Any CPU
		{B16339F3-13CD-DA09-14E1-C8B89BA9127D}.Release|Any CPU.Build.0 = Release|Any CPU
		{052DF879-DF16-A326-7465-10D076318FB0}.Debug|Any CPU.ActiveCfg = Debug|Any CPU
		{052DF879-DF16-A326-7465-10D076318FB0}.Debug|Any CPU.Build.0 = Debug|Any CPU
		{052DF879-DF16-A326-7465-10D076318FB0}.Release|Any CPU.ActiveCfg = Release|Any CPU
		{052DF879-DF16-A326-7465-10D076318FB0}.Release|Any CPU.Build.0 = Release|Any CPU
		{8EE2743B-5A18-7C2A-CFEF-16386D8DA63A}.Debug|Any CPU.ActiveCfg = Debug|Any CPU
		{8EE2743B-5A18-7C2A-CFEF-16386D8DA63A}.Debug|Any CPU.Build.0 = Debug|Any CPU
		{8EE2743B-5A18-7C2A-CFEF-16386D8DA63A}.Release|Any CPU.ActiveCfg = Release|Any CPU
		{8EE2743B-5A18-7C2A-CFEF-16386D8DA63A}.Release|Any CPU.Build.0 = Release|Any CPU
		{10F576CB-8DE7-BDFB-B02B-F841BC783157}.Debug|Any CPU.ActiveCfg = Debug|Any CPU
		{10F576CB-8DE7-BDFB-B02B-F841BC783157}.Debug|Any CPU.Build.0 = Debug|Any CPU
		{10F576CB-8DE7-BDFB-B02B-F841BC783157}.Release|Any CPU.ActiveCfg = Release|Any CPU
		{10F576CB-8DE7-BDFB-B02B-F841BC783157}.Release|Any CPU.Build.0 = Release|Any CPU
		{90BFC584-4944-59C5-7A3D-AB6B5455E723}.Debug|Any CPU.ActiveCfg = Debug|Any CPU
		{90BFC584-4944-59C5-7A3D-AB6B5455E723}.Debug|Any CPU.Build.0 = Debug|Any CPU
		{90BFC584-4944-59C5-7A3D-AB6B5455E723}.Release|Any CPU.ActiveCfg = Release|Any CPU
		{90BFC584-4944-59C5-7A3D-AB6B5455E723}.Release|Any CPU.Build.0 = Release|Any CPU
		{D8EDDC60-23A5-70AA-7933-BFF12C04A216}.Debug|Any CPU.ActiveCfg = Debug|Any CPU
		{D8EDDC60-23A5-70AA-7933-BFF12C04A216}.Debug|Any CPU.Build.0 = Debug|Any CPU
		{D8EDDC60-23A5-70AA-7933-BFF12C04A216}.Release|Any CPU.ActiveCfg = Release|Any CPU
		{D8EDDC60-23A5-70AA-7933-BFF12C04A216}.Release|Any CPU.Build.0 = Release|Any CPU
		{9AC2D868-B032-9379-DA83-5F368B048368}.Debug|Any CPU.ActiveCfg = Debug|Any CPU
		{9AC2D868-B032-9379-DA83-5F368B048368}.Debug|Any CPU.Build.0 = Debug|Any CPU
		{9AC2D868-B032-9379-DA83-5F368B048368}.Release|Any CPU.ActiveCfg = Release|Any CPU
		{9AC2D868-B032-9379-DA83-5F368B048368}.Release|Any CPU.Build.0 = Release|Any CPU
		{89042B2E-4AE8-3315-E136-E8CCDDF4459F}.Debug|Any CPU.ActiveCfg = Debug|Any CPU
		{89042B2E-4AE8-3315-E136-E8CCDDF4459F}.Debug|Any CPU.Build.0 = Debug|Any CPU
		{89042B2E-4AE8-3315-E136-E8CCDDF4459F}.Release|Any CPU.ActiveCfg = Release|Any CPU
		{89042B2E-4AE8-3315-E136-E8CCDDF4459F}.Release|Any CPU.Build.0 = Release|Any CPU
		{3EC87534-34DA-5B94-D362-A4FE24C850D5}.Debug|Any CPU.ActiveCfg = Debug|Any CPU
		{3EC87534-34DA-5B94-D362-A4FE24C850D5}.Debug|Any CPU.Build.0 = Debug|Any CPU
		{3EC87534-34DA-5B94-D362-A4FE24C850D5}.Release|Any CPU.ActiveCfg = Release|Any CPU
		{3EC87534-34DA-5B94-D362-A4FE24C850D5}.Release|Any CPU.Build.0 = Release|Any CPU
	EndGlobalSection
	GlobalSection(SolutionProperties) = preSolution
		HideSolutionNode = FALSE
	EndGlobalSection
EndGlobal
